// !$*UTF8*$!
{
	archiveVersion = 1;
	classes = {
	};
	objectVersion = 56;
	objects = {

/* Begin PBXBuildFile section */
		8AE1FB5C2A29F7BC00CD2EAE /* AppDelegate.swift in Sources */ = {isa = PBXBuildFile; fileRef = 8AE1FB5B2A29F7BC00CD2EAE /* AppDelegate.swift */; };
		8AE1FB5E2A29F7BC00CD2EAE /* SceneDelegate.swift in Sources */ = {isa = PBXBuildFile; fileRef = 8AE1FB5D2A29F7BC00CD2EAE /* SceneDelegate.swift */; };
		8AE1FB602A29F7BC00CD2EAE /* ViewController.swift in Sources */ = {isa = PBXBuildFile; fileRef = 8AE1FB5F2A29F7BC00CD2EAE /* ViewController.swift */; };
		8AE1FB632A29F7BC00CD2EAE /* Main.storyboard in Resources */ = {isa = PBXBuildFile; fileRef = 8AE1FB612A29F7BC00CD2EAE /* Main.storyboard */; };
		8AE1FB682A29F7BC00CD2EAE /* LaunchScreen.storyboard in Resources */ = {isa = PBXBuildFile; fileRef = 8AE1FB662A29F7BC00CD2EAE /* LaunchScreen.storyboard */; };
		8AE1FBF42A29F88800CD2EAE /* BLECommonButton.m in Sources */ = {isa = PBXBuildFile; fileRef = 8AE1FBF02A29F88800CD2EAE /* BLECommonButton.m */; };
		8AE1FBF52A29F88800CD2EAE /* Assets.xcassets in Resources */ = {isa = PBXBuildFile; fileRef = 8AE1FBF12A29F88800CD2EAE /* Assets.xcassets */; };
/* End PBXBuildFile section */

/* Begin PBXFileReference section */
		8AE1FB582A29F7BC00CD2EAE /* BLEAddServiceExample.app */ = {isa = PBXFileReference; explicitFileType = wrapper.application; includeInIndex = 0; path = BLEAddServiceExample.app; sourceTree = BUILT_PRODUCTS_DIR; };
		8AE1FB5B2A29F7BC00CD2EAE /* AppDelegate.swift */ = {isa = PBXFileReference; lastKnownFileType = sourcecode.swift; path = AppDelegate.swift; sourceTree = "<group>"; };
		8AE1FB5D2A29F7BC00CD2EAE /* SceneDelegate.swift */ = {isa = PBXFileReference; lastKnownFileType = sourcecode.swift; path = SceneDelegate.swift; sourceTree = "<group>"; };
		8AE1FB5F2A29F7BC00CD2EAE /* ViewController.swift */ = {isa = PBXFileReference; lastKnownFileType = sourcecode.swift; path = ViewController.swift; sourceTree = "<group>"; };
		8AE1FB622A29F7BC00CD2EAE /* Base */ = {isa = PBXFileReference; lastKnownFileType = file.storyboard; name = Base; path = Base.lproj/Main.storyboard; sourceTree = "<group>"; };
		8AE1FB672A29F7BC00CD2EAE /* Base */ = {isa = PBXFileReference; lastKnownFileType = file.storyboard; name = Base; path = Base.lproj/LaunchScreen.storyboard; sourceTree = "<group>"; };
		8AE1FB692A29F7BC00CD2EAE /* Info.plist */ = {isa = PBXFileReference; lastKnownFileType = text.plist.xml; path = Info.plist; sourceTree = "<group>"; };
		8AE1FBF02A29F88800CD2EAE /* BLECommonButton.m */ = {isa = PBXFileReference; fileEncoding = 4; lastKnownFileType = sourcecode.c.objc; path = BLECommonButton.m; sourceTree = "<group>"; };
		8AE1FBF12A29F88800CD2EAE /* Assets.xcassets */ = {isa = PBXFileReference; lastKnownFileType = folder.assetcatalog; path = Assets.xcassets; sourceTree = "<group>"; };
		8AE1FBF22A29F88800CD2EAE /* BLEAppearance.h */ = {isa = PBXFileReference; fileEncoding = 4; lastKnownFileType = sourcecode.c.h; path = BLEAppearance.h; sourceTree = "<group>"; };
		8AE1FBF32A29F88800CD2EAE /* BLECommonButton.h */ = {isa = PBXFileReference; fileEncoding = 4; lastKnownFileType = sourcecode.c.h; path = BLECommonButton.h; sourceTree = "<group>"; };
/* End PBXFileReference section */

/* Begin PBXFrameworksBuildPhase section */
		8AE1FB552A29F7BC00CD2EAE /* Frameworks */ = {
			isa = PBXFrameworksBuildPhase;
			buildActionMask = 2147483647;
			files = (
			);
			runOnlyForDeploymentPostprocessing = 0;
		};
/* End PBXFrameworksBuildPhase section */

/* Begin PBXGroup section */
		8AE1FB4F2A29F7BC00CD2EAE = {
			isa = PBXGroup;
			children = (
				8AE1FBEF2A29F88800CD2EAE /* Common */,
				8AE1FB5A2A29F7BC00CD2EAE /* BLEAddServiceExample */,
				8AE1FB592A29F7BC00CD2EAE /* Products */,
			);
			sourceTree = "<group>";
		};
		8AE1FB592A29F7BC00CD2EAE /* Products */ = {
			isa = PBXGroup;
			children = (
				8AE1FB582A29F7BC00CD2EAE /* BLEAddServiceExample.app */,
			);
			name = Products;
			sourceTree = "<group>";
		};
		8AE1FB5A2A29F7BC00CD2EAE /* BLEAddServiceExample */ = {
			isa = PBXGroup;
			children = (
				8AE1FB692A29F7BC00CD2EAE /* Info.plist */,
				8AE1FB662A29F7BC00CD2EAE /* LaunchScreen.storyboard */,
				8AE1FB612A29F7BC00CD2EAE /* Main.storyboard */,
				8AE1FB5B2A29F7BC00CD2EAE /* AppDelegate.swift */,
				8AE1FB5D2A29F7BC00CD2EAE /* SceneDelegate.swift */,
				8AE1FB5F2A29F7BC00CD2EAE /* ViewController.swift */,
			);
			path = BLEAddServiceExample;
			sourceTree = "<group>";
		};
		8AE1FBEF2A29F88800CD2EAE /* Common */ = {
			isa = PBXGroup;
			children = (
				8AE1FBF12A29F88800CD2EAE /* Assets.xcassets */,
				8AE1FBF22A29F88800CD2EAE /* BLEAppearance.h */,
				8AE1FBF32A29F88800CD2EAE /* BLECommonButton.h */,
				8AE1FBF02A29F88800CD2EAE /* BLECommonButton.m */,
			);
			name = Common;
			path = ../../Common;
			sourceTree = "<group>";
		};
/* End PBXGroup section */

/* Begin PBXNativeTarget section */
		8AE1FB572A29F7BC00CD2EAE /* BLEAddServiceExample */ = {
			isa = PBXNativeTarget;
			buildConfigurationList = 8AE1FB6C2A29F7BC00CD2EAE /* Build configuration list for PBXNativeTarget "BLEAddServiceExample" */;
			buildPhases = (
				8AE1FB542A29F7BC00CD2EAE /* Sources */,
				8AE1FB552A29F7BC00CD2EAE /* Frameworks */,
				8AE1FB562A29F7BC00CD2EAE /* Resources */,
			);
			buildRules = (
			);
			dependencies = (
			);
			name = BLEAddServiceExample;
			productName = BLEAddServiceExample;
			productReference = 8AE1FB582A29F7BC00CD2EAE /* BLEAddServiceExample.app */;
			productType = "com.apple.product-type.application";
		};
/* End PBXNativeTarget section */

/* Begin PBXProject section */
		8AE1FB502A29F7BC00CD2EAE /* Project object */ = {
			isa = PBXProject;
			attributes = {
				BuildIndependentTargetsInParallel = 1;
				LastSwiftUpdateCheck = 1430;
				LastUpgradeCheck = 1430;
				TargetAttributes = {
					8AE1FB572A29F7BC00CD2EAE = {
						CreatedOnToolsVersion = 14.3;
					};
				};
			};
			buildConfigurationList = 8AE1FB532A29F7BC00CD2EAE /* Build configuration list for PBXProject "BLEAddServiceExample" */;
			compatibilityVersion = "Xcode 14.0";
			developmentRegion = en;
			hasScannedForEncodings = 0;
			knownRegions = (
				en,
				Base,
			);
			mainGroup = 8AE1FB4F2A29F7BC00CD2EAE;
			productRefGroup = 8AE1FB592A29F7BC00CD2EAE /* Products */;
			projectDirPath = "";
			projectRoot = "";
			targets = (
				8AE1FB572A29F7BC00CD2EAE /* BLEAddServiceExample */,
			);
		};
/* End PBXProject section */

/* Begin PBXResourcesBuildPhase section */
		8AE1FB562A29F7BC00CD2EAE /* Resources */ = {
			isa = PBXResourcesBuildPhase;
			buildActionMask = 2147483647;
			files = (
				8AE1FB682A29F7BC00CD2EAE /* LaunchScreen.storyboard in Resources */,
				8AE1FBF52A29F88800CD2EAE /* Assets.xcassets in Resources */,
				8AE1FB632A29F7BC00CD2EAE /* Main.storyboard in Resources */,
			);
			runOnlyForDeploymentPostprocessing = 0;
		};
/* End PBXResourcesBuildPhase section */

/* Begin PBXSourcesBuildPhase section */
		8AE1FB542A29F7BC00CD2EAE /* Sources */ = {
			isa = PBXSourcesBuildPhase;
			buildActionMask = 2147483647;
			files = (
				8AE1FBF42A29F88800CD2EAE /* BLECommonButton.m in Sources */,
				8AE1FB602A29F7BC00CD2EAE /* ViewController.swift in Sources */,
				8AE1FB5C2A29F7BC00CD2EAE /* AppDelegate.swift in Sources */,
				8AE1FB5E2A29F7BC00CD2EAE /* SceneDelegate.swift in Sources */,
			);
			runOnlyForDeploymentPostprocessing = 0;
		};
/* End PBXSourcesBuildPhase section */

/* Begin PBXVariantGroup section */
		8AE1FB612A29F7BC00CD2EAE /* Main.storyboard */ = {
			isa = PBXVariantGroup;
			children = (
				8AE1FB622A29F7BC00CD2EAE /* Base */,
			);
			name = Main.storyboard;
			sourceTree = "<group>";
		};
		8AE1FB662A29F7BC00CD2EAE /* LaunchScreen.storyboard */ = {
			isa = PBXVariantGroup;
			children = (
				8AE1FB672A29F7BC00CD2EAE /* Base */,
			);
			name = LaunchScreen.storyboard;
			sourceTree = "<group>";
		};
/* End PBXVariantGroup section */

/* Begin XCBuildConfiguration section */
		8AE1FB6A2A29F7BC00CD2EAE /* Debug */ = {
			isa = XCBuildConfiguration;
			buildSettings = {
				ALWAYS_SEARCH_USER_PATHS = NO;
				CLANG_ANALYZER_NONNULL = YES;
				CLANG_ANALYZER_NUMBER_OBJECT_CONVERSION = YES_AGGRESSIVE;
				CLANG_CXX_LANGUAGE_STANDARD = "gnu++20";
				CLANG_ENABLE_MODULES = YES;
				CLANG_ENABLE_OBJC_ARC = YES;
				CLANG_ENABLE_OBJC_WEAK = YES;
				CLANG_WARN_BLOCK_CAPTURE_AUTORELEASING = YES;
				CLANG_WARN_BOOL_CONVERSION = YES;
				CLANG_WARN_COMMA = YES;
				CLANG_WARN_CONSTANT_CONVERSION = YES;
				CLANG_WARN_DEPRECATED_OBJC_IMPLEMENTATIONS = YES;
				CLANG_WARN_DIRECT_OBJC_ISA_USAGE = YES_ERROR;
				CLANG_WARN_DOCUMENTATION_COMMENTS = YES;
				CLANG_WARN_EMPTY_BODY = YES;
				CLANG_WARN_ENUM_CONVERSION = YES;
				CLANG_WARN_INFINITE_RECURSION = YES;
				CLANG_WARN_INT_CONVERSION = YES;
				CLANG_WARN_NON_LITERAL_NULL_CONVERSION = YES;
				CLANG_WARN_OBJC_IMPLICIT_RETAIN_SELF = YES;
				CLANG_WARN_OBJC_LITERAL_CONVERSION = YES;
				CLANG_WARN_OBJC_ROOT_CLASS = YES_ERROR;
				CLANG_WARN_QUOTED_INCLUDE_IN_FRAMEWORK_HEADER = YES;
				CLANG_WARN_RANGE_LOOP_ANALYSIS = YES;
				CLANG_WARN_STRICT_PROTOTYPES = YES;
				CLANG_WARN_SUSPICIOUS_MOVE = YES;
				CLANG_WARN_UNGUARDED_AVAILABILITY = YES_AGGRESSIVE;
				CLANG_WARN_UNREACHABLE_CODE = YES;
				CLANG_WARN__DUPLICATE_METHOD_MATCH = YES;
				COPY_PHASE_STRIP = NO;
				DEBUG_INFORMATION_FORMAT = dwarf;
				ENABLE_STRICT_OBJC_MSGSEND = YES;
				ENABLE_TESTABILITY = YES;
				GCC_C_LANGUAGE_STANDARD = gnu11;
				GCC_DYNAMIC_NO_PIC = NO;
				GCC_NO_COMMON_BLOCKS = YES;
				GCC_OPTIMIZATION_LEVEL = 0;
				GCC_PREPROCESSOR_DEFINITIONS = (
					"DEBUG=1",
					"$(inherited)",
				);
				GCC_WARN_64_TO_32_BIT_CONVERSION = YES;
				GCC_WARN_ABOUT_RETURN_TYPE = YES_ERROR;
				GCC_WARN_UNDECLARED_SELECTOR = YES;
				GCC_WARN_UNINITIALIZED_AUTOS = YES_AGGRESSIVE;
				GCC_WARN_UNUSED_FUNCTION = YES;
				GCC_WARN_UNUSED_VARIABLE = YES;
				IPHONEOS_DEPLOYMENT_TARGET = 16.4;
				MTL_ENABLE_DEBUG_INFO = INCLUDE_SOURCE;
				MTL_FAST_MATH = YES;
				ONLY_ACTIVE_ARCH = YES;
				SDKROOT = iphoneos;
				SWIFT_ACTIVE_COMPILATION_CONDITIONS = DEBUG;
				SWIFT_OPTIMIZATION_LEVEL = "-Onone";
			};
			name = Debug;
		};
		8AE1FB6B2A29F7BC00CD2EAE /* Release */ = {
			isa = XCBuildConfiguration;
			buildSettings = {
				ALWAYS_SEARCH_USER_PATHS = NO;
				CLANG_ANALYZER_NONNULL = YES;
				CLANG_ANALYZER_NUMBER_OBJECT_CONVERSION = YES_AGGRESSIVE;
				CLANG_CXX_LANGUAGE_STANDARD = "gnu++20";
				CLANG_ENABLE_MODULES = YES;
				CLANG_ENABLE_OBJC_ARC = YES;
				CLANG_ENABLE_OBJC_WEAK = YES;
				CLANG_WARN_BLOCK_CAPTURE_AUTORELEASING = YES;
				CLANG_WARN_BOOL_CONVERSION = YES;
				CLANG_WARN_COMMA = YES;
				CLANG_WARN_CONSTANT_CONVERSION = YES;
				CLANG_WARN_DEPRECATED_OBJC_IMPLEMENTATIONS = YES;
				CLANG_WARN_DIRECT_OBJC_ISA_USAGE = YES_ERROR;
				CLANG_WARN_DOCUMENTATION_COMMENTS = YES;
				CLANG_WARN_EMPTY_BODY = YES;
				CLANG_WARN_ENUM_CONVERSION = YES;
				CLANG_WARN_INFINITE_RECURSION = YES;
				CLANG_WARN_INT_CONVERSION = YES;
				CLANG_WARN_NON_LITERAL_NULL_CONVERSION = YES;
				CLANG_WARN_OBJC_IMPLICIT_RETAIN_SELF = YES;
				CLANG_WARN_OBJC_LITERAL_CONVERSION = YES;
				CLANG_WARN_OBJC_ROOT_CLASS = YES_ERROR;
				CLANG_WARN_QUOTED_INCLUDE_IN_FRAMEWORK_HEADER = YES;
				CLANG_WARN_RANGE_LOOP_ANALYSIS = YES;
				CLANG_WARN_STRICT_PROTOTYPES = YES;
				CLANG_WARN_SUSPICIOUS_MOVE = YES;
				CLANG_WARN_UNGUARDED_AVAILABILITY = YES_AGGRESSIVE;
				CLANG_WARN_UNREACHABLE_CODE = YES;
				CLANG_WARN__DUPLICATE_METHOD_MATCH = YES;
				COPY_PHASE_STRIP = NO;
				DEBUG_INFORMATION_FORMAT = "dwarf-with-dsym";
				ENABLE_NS_ASSERTIONS = NO;
				ENABLE_STRICT_OBJC_MSGSEND = YES;
				GCC_C_LANGUAGE_STANDARD = gnu11;
				GCC_NO_COMMON_BLOCKS = YES;
				GCC_WARN_64_TO_32_BIT_CONVERSION = YES;
				GCC_WARN_ABOUT_RETURN_TYPE = YES_ERROR;
				GCC_WARN_UNDECLARED_SELECTOR = YES;
				GCC_WARN_UNINITIALIZED_AUTOS = YES_AGGRESSIVE;
				GCC_WARN_UNUSED_FUNCTION = YES;
				GCC_WARN_UNUSED_VARIABLE = YES;
				IPHONEOS_DEPLOYMENT_TARGET = 16.4;
				MTL_ENABLE_DEBUG_INFO = NO;
				MTL_FAST_MATH = YES;
				SDKROOT = iphoneos;
				SWIFT_COMPILATION_MODE = wholemodule;
				SWIFT_OPTIMIZATION_LEVEL = "-O";
				VALIDATE_PRODUCT = YES;
			};
			name = Release;
		};
		8AE1FB6D2A29F7BC00CD2EAE /* Debug */ = {
			isa = XCBuildConfiguration;
			buildSettings = {
				ASSETCATALOG_COMPILER_APPICON_NAME = AppIcon;
				ASSETCATALOG_COMPILER_GLOBAL_ACCENT_COLOR_NAME = AccentColor;
				CODE_SIGN_STYLE = Automatic;
				CURRENT_PROJECT_VERSION = 1;
				DEVELOPMENT_TEAM = 9Z86A4AWDE;
				GENERATE_INFOPLIST_FILE = YES;
				INFOPLIST_FILE = BLEAddServiceExample/Info.plist;
				INFOPLIST_KEY_NSBluetoothAlwaysUsageDescription = "{Bluetoothの利用許可を求める文言}";
				INFOPLIST_KEY_UIApplicationSupportsIndirectInputEvents = YES;
				INFOPLIST_KEY_UILaunchStoryboardName = LaunchScreen;
				INFOPLIST_KEY_UIMainStoryboardFile = Main;
				INFOPLIST_KEY_UISupportedInterfaceOrientations_iPad = "UIInterfaceOrientationPortrait UIInterfaceOrientationPortraitUpsideDown UIInterfaceOrientationLandscapeLeft UIInterfaceOrientationLandscapeRight";
				INFOPLIST_KEY_UISupportedInterfaceOrientations_iPhone = "UIInterfaceOrientationPortrait UIInterfaceOrientationLandscapeLeft UIInterfaceOrientationLandscapeRight";
				IPHONEOS_DEPLOYMENT_TARGET = 13.0;
				LD_RUNPATH_SEARCH_PATHS = (
					"$(inherited)",
					"@executable_path/Frameworks",
				);
				MARKETING_VERSION = 1.0;
				PRODUCT_BUNDLE_IDENTIFIER = com.shu223.BLEAddServiceExample;
				PRODUCT_NAME = "$(TARGET_NAME)";
				SWIFT_EMIT_LOC_STRINGS = YES;
				SWIFT_VERSION = 5.0;
				TARGETED_DEVICE_FAMILY = "1,2";
			};
			name = Debug;
		};
		8AE1FB6E2A29F7BC00CD2EAE /* Release */ = {
			isa = XCBuildConfiguration;
			buildSettings = {
				ASSETCATALOG_COMPILER_APPICON_NAME = AppIcon;
				ASSETCATALOG_COMPILER_GLOBAL_ACCENT_COLOR_NAME = AccentColor;
				CODE_SIGN_STYLE = Automatic;
				CURRENT_PROJECT_VERSION = 1;
				DEVELOPMENT_TEAM = 9Z86A4AWDE;
				GENERATE_INFOPLIST_FILE = YES;
				INFOPLIST_FILE = BLEAddServiceExample/Info.plist;
				INFOPLIST_KEY_NSBluetoothAlwaysUsageDescription = "{Bluetoothの利用許可を求める文言}";
				INFOPLIST_KEY_UIApplicationSupportsIndirectInputEvents = YES;
				INFOPLIST_KEY_UILaunchStoryboardName = LaunchScreen;
				INFOPLIST_KEY_UIMainStoryboardFile = Main;
				INFOPLIST_KEY_UISupportedInterfaceOrientations_iPad = "UIInterfaceOrientationPortrait UIInterfaceOrientationPortraitUpsideDown UIInterfaceOrientationLandscapeLeft UIInterfaceOrientationLandscapeRight";
				INFOPLIST_KEY_UISupportedInterfaceOrientations_iPhone = "UIInterfaceOrientationPortrait UIInterfaceOrientationLandscapeLeft UIInterfaceOrientationLandscapeRight";
				IPHONEOS_DEPLOYMENT_TARGET = 13.0;
				LD_RUNPATH_SEARCH_PATHS = (
					"$(inherited)",
					"@executable_path/Frameworks",
				);
				MARKETING_VERSION = 1.0;
				PRODUCT_BUNDLE_IDENTIFIER = com.shu223.BLEAddServiceExample;
				PRODUCT_NAME = "$(TARGET_NAME)";
				SWIFT_EMIT_LOC_STRINGS = YES;
				SWIFT_VERSION = 5.0;
				TARGETED_DEVICE_FAMILY = "1,2";
			};
			name = Release;
		};
/* End XCBuildConfiguration section */

/* Begin XCConfigurationList section */
		8AE1FB532A29F7BC00CD2EAE /* Build configuration list for PBXProject "BLEAddServiceExample" */ = {
			isa = XCConfigurationList;
			buildConfigurations = (
				8AE1FB6A2A29F7BC00CD2EAE /* Debug */,
				8AE1FB6B2A29F7BC00CD2EAE /* Release */,
			);
			defaultConfigurationIsVisible = 0;
			defaultConfigurationName = Release;
		};
		8AE1FB6C2A29F7BC00CD2EAE /* Build configuration list for PBXNativeTarget "BLEAddServiceExample" */ = {
			isa = XCConfigurationList;
			buildConfigurations = (
				8AE1FB6D2A29F7BC00CD2EAE /* Debug */,
				8AE1FB6E2A29F7BC00CD2EAE /* Release */,
			);
			defaultConfigurationIsVisible = 0;
			defaultConfigurationName = Release;
		};
/* End XCConfigurationList section */
	};
	rootObject = 8AE1FB502A29F7BC00CD2EAE /* Project object */;
}
