// !$*UTF8*$!
{
	archiveVersion = 1;
	classes = {
	};
	objectVersion = 46;
	objects = {

/* Begin PBXBuildFile section */
		8A3E9B2A1A750C1100C2E0CC /* BLECommonButton.m in Sources */ = {isa = PBXBuildFile; fileRef = 8A3E9B281A750C1100C2E0CC /* BLECommonButton.m */; };
		8A3E9B2B1A750C1100C2E0CC /* Images.xcassets in Resources */ = {isa = PBXBuildFile; fileRef = 8A3E9B291A750C1100C2E0CC /* Images.xcassets */; };
		8A8DCFB61A3AF6BF00B4A3C3 /* AppDelegate.swift in Sources */ = {isa = PBXBuildFile; fileRef = 8A8DCFB51A3AF6BF00B4A3C3 /* AppDelegate.swift */; };
		8A8DCFB81A3AF6BF00B4A3C3 /* ViewController.swift in Sources */ = {isa = PBXBuildFile; fileRef = 8A8DCFB71A3AF6BF00B4A3C3 /* ViewController.swift */; };
		8A8DCFBB1A3AF6BF00B4A3C3 /* Main.storyboard in Resources */ = {isa = PBXBuildFile; fileRef = 8A8DCFB91A3AF6BF00B4A3C3 /* Main.storyboard */; };
		8A8DCFC01A3AF6BF00B4A3C3 /* LaunchScreen.xib in Resources */ = {isa = PBXBuildFile; fileRef = 8A8DCFBE1A3AF6BF00B4A3C3 /* LaunchScreen.xib */; };
/* End PBXBuildFile section */

/* Begin PBXFileReference section */
		8A3E9B261A750C1100C2E0CC /* BLEAppearance.h */ = {isa = PBXFileReference; fileEncoding = 4; lastKnownFileType = sourcecode.c.h; path = BLEAppearance.h; sourceTree = "<group>"; };
		8A3E9B271A750C1100C2E0CC /* BLECommonButton.h */ = {isa = PBXFileReference; fileEncoding = 4; lastKnownFileType = sourcecode.c.h; path = BLECommonButton.h; sourceTree = "<group>"; };
		8A3E9B281A750C1100C2E0CC /* BLECommonButton.m */ = {isa = PBXFileReference; fileEncoding = 4; lastKnownFileType = sourcecode.c.objc; path = BLECommonButton.m; sourceTree = "<group>"; };
		8A3E9B291A750C1100C2E0CC /* Images.xcassets */ = {isa = PBXFileReference; lastKnownFileType = folder.assetcatalog; path = Images.xcassets; sourceTree = "<group>"; };
		8A8DCFB01A3AF6BF00B4A3C3 /* BLENotifyExamplePeripheral.app */ = {isa = PBXFileReference; explicitFileType = wrapper.application; includeInIndex = 0; path = BLENotifyExamplePeripheral.app; sourceTree = BUILT_PRODUCTS_DIR; };
		8A8DCFB41A3AF6BF00B4A3C3 /* Info.plist */ = {isa = PBXFileReference; lastKnownFileType = text.plist.xml; path = Info.plist; sourceTree = "<group>"; };
		8A8DCFB51A3AF6BF00B4A3C3 /* AppDelegate.swift */ = {isa = PBXFileReference; lastKnownFileType = sourcecode.swift; path = AppDelegate.swift; sourceTree = "<group>"; };
		8A8DCFB71A3AF6BF00B4A3C3 /* ViewController.swift */ = {isa = PBXFileReference; lastKnownFileType = sourcecode.swift; path = ViewController.swift; sourceTree = "<group>"; };
		8A8DCFBA1A3AF6BF00B4A3C3 /* Base */ = {isa = PBXFileReference; lastKnownFileType = file.storyboard; name = Base; path = Base.lproj/Main.storyboard; sourceTree = "<group>"; };
		8A8DCFBF1A3AF6BF00B4A3C3 /* Base */ = {isa = PBXFileReference; lastKnownFileType = file.xib; name = Base; path = Base.lproj/LaunchScreen.xib; sourceTree = "<group>"; };
/* End PBXFileReference section */

/* Begin PBXFrameworksBuildPhase section */
		8A8DCFAD1A3AF6BF00B4A3C3 /* Frameworks */ = {
			isa = PBXFrameworksBuildPhase;
			buildActionMask = 2147483647;
			files = (
			);
			runOnlyForDeploymentPostprocessing = 0;
		};
/* End PBXFrameworksBuildPhase section */

/* Begin PBXGroup section */
		8A3E9B251A750C1100C2E0CC /* Common */ = {
			isa = PBXGroup;
			children = (
				8A3E9B261A750C1100C2E0CC /* BLEAppearance.h */,
				8A3E9B271A750C1100C2E0CC /* BLECommonButton.h */,
				8A3E9B281A750C1100C2E0CC /* BLECommonButton.m */,
				8A3E9B291A750C1100C2E0CC /* Images.xcassets */,
			);
			name = Common;
			path = ../../Common;
			sourceTree = "<group>";
		};
		8A8DCFA71A3AF6BF00B4A3C3 = {
			isa = PBXGroup;
			children = (
				8A3E9B251A750C1100C2E0CC /* Common */,
				8A8DCFB21A3AF6BF00B4A3C3 /* BLENotifyExamplePeripheral */,
				8A8DCFB31A3AF6BF00B4A3C3 /* Supporting Files */,
				8A8DCFB11A3AF6BF00B4A3C3 /* Products */,
			);
			sourceTree = "<group>";
		};
		8A8DCFB11A3AF6BF00B4A3C3 /* Products */ = {
			isa = PBXGroup;
			children = (
				8A8DCFB01A3AF6BF00B4A3C3 /* BLENotifyExamplePeripheral.app */,
			);
			name = Products;
			sourceTree = "<group>";
		};
		8A8DCFB21A3AF6BF00B4A3C3 /* BLENotifyExamplePeripheral */ = {
			isa = PBXGroup;
			children = (
				8A8DCFB91A3AF6BF00B4A3C3 /* Main.storyboard */,
				8A8DCFBE1A3AF6BF00B4A3C3 /* LaunchScreen.xib */,
				8A8DCFB51A3AF6BF00B4A3C3 /* AppDelegate.swift */,
				8A8DCFB71A3AF6BF00B4A3C3 /* ViewController.swift */,
			);
			path = BLENotifyExamplePeripheral;
			sourceTree = "<group>";
		};
		8A8DCFB31A3AF6BF00B4A3C3 /* Supporting Files */ = {
			isa = PBXGroup;
			children = (
				8A8DCFB41A3AF6BF00B4A3C3 /* Info.plist */,
			);
			name = "Supporting Files";
			path = BLENotifyExamplePeripheral;
			sourceTree = "<group>";
		};
/* End PBXGroup section */

/* Begin PBXNativeTarget section */
		8A8DCFAF1A3AF6BF00B4A3C3 /* BLENotifyExamplePeripheral */ = {
			isa = PBXNativeTarget;
			buildConfigurationList = 8A8DCFCF1A3AF6BF00B4A3C3 /* Build configuration list for PBXNativeTarget "BLENotifyExamplePeripheral" */;
			buildPhases = (
				8A8DCFAC1A3AF6BF00B4A3C3 /* Sources */,
				8A8DCFAD1A3AF6BF00B4A3C3 /* Frameworks */,
				8A8DCFAE1A3AF6BF00B4A3C3 /* Resources */,
			);
			buildRules = (
			);
			dependencies = (
			);
			name = BLENotifyExamplePeripheral;
			productName = BLENotifyExamplePeripheral;
			productReference = 8A8DCFB01A3AF6BF00B4A3C3 /* BLENotifyExamplePeripheral.app */;
			productType = "com.apple.product-type.application";
		};
/* End PBXNativeTarget section */

/* Begin PBXProject section */
		8A8DCFA81A3AF6BF00B4A3C3 /* Project object */ = {
			isa = PBXProject;
			attributes = {
				LastSwiftMigration = 0700;
				LastSwiftUpdateCheck = 0700;
				LastUpgradeCheck = 0700;
				ORGANIZATIONNAME = "Shuichi Tsutsumi";
				TargetAttributes = {
					8A8DCFAF1A3AF6BF00B4A3C3 = {
						CreatedOnToolsVersion = 6.1.1;
					};
				};
			};
			buildConfigurationList = 8A8DCFAB1A3AF6BF00B4A3C3 /* Build configuration list for PBXProject "BLENotifyExamplePeripheral" */;
			compatibilityVersion = "Xcode 3.2";
			developmentRegion = English;
			hasScannedForEncodings = 0;
			knownRegions = (
				en,
				Base,
			);
			mainGroup = 8A8DCFA71A3AF6BF00B4A3C3;
			productRefGroup = 8A8DCFB11A3AF6BF00B4A3C3 /* Products */;
			projectDirPath = "";
			projectRoot = "";
			targets = (
				8A8DCFAF1A3AF6BF00B4A3C3 /* BLENotifyExamplePeripheral */,
			);
		};
/* End PBXProject section */

/* Begin PBXResourcesBuildPhase section */
		8A8DCFAE1A3AF6BF00B4A3C3 /* Resources */ = {
			isa = PBXResourcesBuildPhase;
			buildActionMask = 2147483647;
			files = (
				8A3E9B2B1A750C1100C2E0CC /* Images.xcassets in Resources */,
				8A8DCFBB1A3AF6BF00B4A3C3 /* Main.storyboard in Resources */,
				8A8DCFC01A3AF6BF00B4A3C3 /* LaunchScreen.xib in Resources */,
			);
			runOnlyForDeploymentPostprocessing = 0;
		};
/* End PBXResourcesBuildPhase section */

/* Begin PBXSourcesBuildPhase section */
		8A8DCFAC1A3AF6BF00B4A3C3 /* Sources */ = {
			isa = PBXSourcesBuildPhase;
			buildActionMask = 2147483647;
			files = (
				8A3E9B2A1A750C1100C2E0CC /* BLECommonButton.m in Sources */,
				8A8DCFB81A3AF6BF00B4A3C3 /* ViewController.swift in Sources */,
				8A8DCFB61A3AF6BF00B4A3C3 /* AppDelegate.swift in Sources */,
			);
			runOnlyForDeploymentPostprocessing = 0;
		};
/* End PBXSourcesBuildPhase section */

/* Begin PBXVariantGroup section */
		8A8DCFB91A3AF6BF00B4A3C3 /* Main.storyboard */ = {
			isa = PBXVariantGroup;
			children = (
				8A8DCFBA1A3AF6BF00B4A3C3 /* Base */,
			);
			name = Main.storyboard;
			sourceTree = "<group>";
		};
		8A8DCFBE1A3AF6BF00B4A3C3 /* LaunchScreen.xib */ = {
			isa = PBXVariantGroup;
			children = (
				8A8DCFBF1A3AF6BF00B4A3C3 /* Base */,
			);
			name = LaunchScreen.xib;
			sourceTree = "<group>";
		};
/* End PBXVariantGroup section */

/* Begin XCBuildConfiguration section */
		8A8DCFCD1A3AF6BF00B4A3C3 /* Debug */ = {
			isa = XCBuildConfiguration;
			buildSettings = {
				ALWAYS_SEARCH_USER_PATHS = NO;
				CLANG_CXX_LANGUAGE_STANDARD = "gnu++0x";
				CLANG_CXX_LIBRARY = "libc++";
				CLANG_ENABLE_MODULES = YES;
				CLANG_ENABLE_OBJC_ARC = YES;
				CLANG_WARN_BOOL_CONVERSION = YES;
				CLANG_WARN_CONSTANT_CONVERSION = YES;
				CLANG_WARN_DIRECT_OBJC_ISA_USAGE = YES_ERROR;
				CLANG_WARN_EMPTY_BODY = YES;
				CLANG_WARN_ENUM_CONVERSION = YES;
				CLANG_WARN_INT_CONVERSION = YES;
				CLANG_WARN_OBJC_ROOT_CLASS = YES_ERROR;
				CLANG_WARN_UNREACHABLE_CODE = YES;
				CLANG_WARN__DUPLICATE_METHOD_MATCH = YES;
				"CODE_SIGN_IDENTITY[sdk=iphoneos*]" = "iPhone Developer";
				COPY_PHASE_STRIP = NO;
				ENABLE_STRICT_OBJC_MSGSEND = YES;
				ENABLE_TESTABILITY = YES;
				GCC_C_LANGUAGE_STANDARD = gnu99;
				GCC_DYNAMIC_NO_PIC = NO;
				GCC_OPTIMIZATION_LEVEL = 0;
				GCC_PREPROCESSOR_DEFINITIONS = (
					"DEBUG=1",
					"$(inherited)",
				);
				GCC_SYMBOLS_PRIVATE_EXTERN = NO;
				GCC_WARN_64_TO_32_BIT_CONVERSION = YES;
				GCC_WARN_ABOUT_RETURN_TYPE = YES_ERROR;
				GCC_WARN_UNDECLARED_SELECTOR = YES;
				GCC_WARN_UNINITIALIZED_AUTOS = YES_AGGRESSIVE;
				GCC_WARN_UNUSED_FUNCTION = YES;
				GCC_WARN_UNUSED_VARIABLE = YES;
				IPHONEOS_DEPLOYMENT_TARGET = 8.4;
				MTL_ENABLE_DEBUG_INFO = YES;
				ONLY_ACTIVE_ARCH = YES;
				SDKROOT = iphoneos;
				SWIFT_OPTIMIZATION_LEVEL = "-Onone";
			};
			name = Debug;
		};
		8A8DCFCE1A3AF6BF00B4A3C3 /* Release */ = {
			isa = XCBuildConfiguration;
			buildSettings = {
				ALWAYS_SEARCH_USER_PATHS = NO;
				CLANG_CXX_LANGUAGE_STANDARD = "gnu++0x";
				CLANG_CXX_LIBRARY = "libc++";
				CLANG_ENABLE_MODULES = YES;
				CLANG_ENABLE_OBJC_ARC = YES;
				CLANG_WARN_BOOL_CONVERSION = YES;
				CLANG_WARN_CONSTANT_CONVERSION = YES;
				CLANG_WARN_DIRECT_OBJC_ISA_USAGE = YES_ERROR;
				CLANG_WARN_EMPTY_BODY = YES;
				CLANG_WARN_ENUM_CONVERSION = YES;
				CLANG_WARN_INT_CONVERSION = YES;
				CLANG_WARN_OBJC_ROOT_CLASS = YES_ERROR;
				CLANG_WARN_UNREACHABLE_CODE = YES;
				CLANG_WARN__DUPLICATE_METHOD_MATCH = YES;
				"CODE_SIGN_IDENTITY[sdk=iphoneos*]" = "iPhone Developer";
				COPY_PHASE_STRIP = YES;
				ENABLE_NS_ASSERTIONS = NO;
				ENABLE_STRICT_OBJC_MSGSEND = YES;
				GCC_C_LANGUAGE_STANDARD = gnu99;
				GCC_WARN_64_TO_32_BIT_CONVERSION = YES;
				GCC_WARN_ABOUT_RETURN_TYPE = YES_ERROR;
				GCC_WARN_UNDECLARED_SELECTOR = YES;
				GCC_WARN_UNINITIALIZED_AUTOS = YES_AGGRESSIVE;
				GCC_WARN_UNUSED_FUNCTION = YES;
				GCC_WARN_UNUSED_VARIABLE = YES;
				IPHONEOS_DEPLOYMENT_TARGET = 8.4;
				MTL_ENABLE_DEBUG_INFO = NO;
				SDKROOT = iphoneos;
				VALIDATE_PRODUCT = YES;
			};
			name = Release;
		};
		8A8DCFD01A3AF6BF00B4A3C3 /* Debug */ = {
			isa = XCBuildConfiguration;
			buildSettings = {
				ASSETCATALOG_COMPILER_APPICON_NAME = AppIcon;
				ASSETCATALOG_COMPILER_LAUNCHIMAGE_NAME = LaunchImage;
				INFOPLIST_FILE = BLENotifyExamplePeripheral/Info.plist;
				LD_RUNPATH_SEARCH_PATHS = "$(inherited) @executable_path/Frameworks";
				PRODUCT_BUNDLE_IDENTIFIER = "Shuichi-Tsutsumi.$(PRODUCT_NAME:rfc1034identifier)";
				PRODUCT_NAME = BLENotifyExamplePeripheral;
			};
			name = Debug;
		};
		8A8DCFD11A3AF6BF00B4A3C3 /* Release */ = {
			isa = XCBuildConfiguration;
			buildSettings = {
				ASSETCATALOG_COMPILER_APPICON_NAME = AppIcon;
				ASSETCATALOG_COMPILER_LAUNCHIMAGE_NAME = LaunchImage;
				INFOPLIST_FILE = BLENotifyExamplePeripheral/Info.plist;
				LD_RUNPATH_SEARCH_PATHS = "$(inherited) @executable_path/Frameworks";
				PRODUCT_BUNDLE_IDENTIFIER = "Shuichi-Tsutsumi.$(PRODUCT_NAME:rfc1034identifier)";
				PRODUCT_NAME = BLENotifyExamplePeripheral;
			};
			name = Release;
		};
/* End XCBuildConfiguration section */

/* Begin XCConfigurationList section */
		8A8DCFAB1A3AF6BF00B4A3C3 /* Build configuration list for PBXProject "BLENotifyExamplePeripheral" */ = {
			isa = XCConfigurationList;
			buildConfigurations = (
				8A8DCFCD1A3AF6BF00B4A3C3 /* Debug */,
				8A8DCFCE1A3AF6BF00B4A3C3 /* Release */,
			);
			defaultConfigurationIsVisible = 0;
			defaultConfigurationName = Release;
		};
		8A8DCFCF1A3AF6BF00B4A3C3 /* Build configuration list for PBXNativeTarget "BLENotifyExamplePeripheral" */ = {
			isa = XCConfigurationList;
			buildConfigurations = (
				8A8DCFD01A3AF6BF00B4A3C3 /* Debug */,
				8A8DCFD11A3AF6BF00B4A3C3 /* Release */,
			);
			defaultConfigurationIsVisible = 0;
			defaultConfigurationName = Release;
		};
/* End XCConfigurationList section */
	};
	rootObject = 8A8DCFA81A3AF6BF00B4A3C3 /* Project object */;
}
