// !$*UTF8*$!
{
	archiveVersion = 1;
	classes = {
	};
	objectVersion = 46;
	objects = {

/* Begin PBXBuildFile section */
		8A3E9AEB1A75068C00C2E0CC /* BLECommonButton.m in Sources */ = {isa = PBXBuildFile; fileRef = 8A3E9AE91A75068C00C2E0CC /* BLECommonButton.m */; };
		8A3E9AEC1A75068C00C2E0CC /* Images.xcassets in Resources */ = {isa = PBXBuildFile; fileRef = 8A3E9AEA1A75068C00C2E0CC /* Images.xcassets */; };
		8AD4CA8D19E65B73005F9391 /* main.m in Sources */ = {isa = PBXBuildFile; fileRef = 8AD4CA8C19E65B73005F9391 /* main.m */; };
		8AD4CA9019E65B73005F9391 /* AppDelegate.m in Sources */ = {isa = PBXBuildFile; fileRef = 8AD4CA8F19E65B73005F9391 /* AppDelegate.m */; };
		8AD4CA9319E65B73005F9391 /* ViewController.m in Sources */ = {isa = PBXBuildFile; fileRef = 8AD4CA9219E65B73005F9391 /* ViewController.m */; };
		8AD4CA9619E65B73005F9391 /* Main.storyboard in Resources */ = {isa = PBXBuildFile; fileRef = 8AD4CA9419E65B73005F9391 /* Main.storyboard */; };
		8AD4CA9B19E65B73005F9391 /* LaunchScreen.xib in Resources */ = {isa = PBXBuildFile; fileRef = 8AD4CA9919E65B73005F9391 /* LaunchScreen.xib */; };
/* End PBXBuildFile section */

/* Begin PBXFileReference section */
		8A3E9AE71A75068C00C2E0CC /* BLEAppearance.h */ = {isa = PBXFileReference; fileEncoding = 4; lastKnownFileType = sourcecode.c.h; path = BLEAppearance.h; sourceTree = "<group>"; };
		8A3E9AE81A75068C00C2E0CC /* BLECommonButton.h */ = {isa = PBXFileReference; fileEncoding = 4; lastKnownFileType = sourcecode.c.h; path = BLECommonButton.h; sourceTree = "<group>"; };
		8A3E9AE91A75068C00C2E0CC /* BLECommonButton.m */ = {isa = PBXFileReference; fileEncoding = 4; lastKnownFileType = sourcecode.c.objc; path = BLECommonButton.m; sourceTree = "<group>"; };
		8A3E9AEA1A75068C00C2E0CC /* Images.xcassets */ = {isa = PBXFileReference; lastKnownFileType = folder.assetcatalog; path = Images.xcassets; sourceTree = "<group>"; };
		8AD4CA8719E65B73005F9391 /* BLEReadExamplePeripheral.app */ = {isa = PBXFileReference; explicitFileType = wrapper.application; includeInIndex = 0; path = BLEReadExamplePeripheral.app; sourceTree = BUILT_PRODUCTS_DIR; };
		8AD4CA8B19E65B73005F9391 /* Info.plist */ = {isa = PBXFileReference; lastKnownFileType = text.plist.xml; path = Info.plist; sourceTree = "<group>"; };
		8AD4CA8C19E65B73005F9391 /* main.m */ = {isa = PBXFileReference; lastKnownFileType = sourcecode.c.objc; path = main.m; sourceTree = "<group>"; };
		8AD4CA8E19E65B73005F9391 /* AppDelegate.h */ = {isa = PBXFileReference; lastKnownFileType = sourcecode.c.h; path = AppDelegate.h; sourceTree = "<group>"; };
		8AD4CA8F19E65B73005F9391 /* AppDelegate.m */ = {isa = PBXFileReference; lastKnownFileType = sourcecode.c.objc; path = AppDelegate.m; sourceTree = "<group>"; };
		8AD4CA9119E65B73005F9391 /* ViewController.h */ = {isa = PBXFileReference; lastKnownFileType = sourcecode.c.h; path = ViewController.h; sourceTree = "<group>"; };
		8AD4CA9219E65B73005F9391 /* ViewController.m */ = {isa = PBXFileReference; lastKnownFileType = sourcecode.c.objc; path = ViewController.m; sourceTree = "<group>"; };
		8AD4CA9519E65B73005F9391 /* Base */ = {isa = PBXFileReference; lastKnownFileType = file.storyboard; name = Base; path = Base.lproj/Main.storyboard; sourceTree = "<group>"; };
		8AD4CA9A19E65B73005F9391 /* Base */ = {isa = PBXFileReference; lastKnownFileType = file.xib; name = Base; path = Base.lproj/LaunchScreen.xib; sourceTree = "<group>"; };
/* End PBXFileReference section */

/* Begin PBXFrameworksBuildPhase section */
		8AD4CA8419E65B73005F9391 /* Frameworks */ = {
			isa = PBXFrameworksBuildPhase;
			buildActionMask = 2147483647;
			files = (
			);
			runOnlyForDeploymentPostprocessing = 0;
		};
/* End PBXFrameworksBuildPhase section */

/* Begin PBXGroup section */
		8A3E9AE61A75068C00C2E0CC /* Common */ = {
			isa = PBXGroup;
			children = (
				8A3E9AE71A75068C00C2E0CC /* BLEAppearance.h */,
				8A3E9AE81A75068C00C2E0CC /* BLECommonButton.h */,
				8A3E9AE91A75068C00C2E0CC /* BLECommonButton.m */,
				8A3E9AEA1A75068C00C2E0CC /* Images.xcassets */,
			);
			name = Common;
			path = ../../Common;
			sourceTree = "<group>";
		};
		8AD4CA7E19E65B73005F9391 = {
			isa = PBXGroup;
			children = (
				8A3E9AE61A75068C00C2E0CC /* Common */,
				8AD4CA8919E65B73005F9391 /* BLEReadExamplePeripheral */,
				8AD4CA8A19E65B73005F9391 /* Supporting Files */,
				8AD4CA8819E65B73005F9391 /* Products */,
			);
			sourceTree = "<group>";
		};
		8AD4CA8819E65B73005F9391 /* Products */ = {
			isa = PBXGroup;
			children = (
				8AD4CA8719E65B73005F9391 /* BLEReadExamplePeripheral.app */,
			);
			name = Products;
			sourceTree = "<group>";
		};
		8AD4CA8919E65B73005F9391 /* BLEReadExamplePeripheral */ = {
			isa = PBXGroup;
			children = (
				8AD4CA9419E65B73005F9391 /* Main.storyboard */,
				8AD4CA9919E65B73005F9391 /* LaunchScreen.xib */,
				8AD4CA8E19E65B73005F9391 /* AppDelegate.h */,
				8AD4CA8F19E65B73005F9391 /* AppDelegate.m */,
				8AD4CA9119E65B73005F9391 /* ViewController.h */,
				8AD4CA9219E65B73005F9391 /* ViewController.m */,
			);
			path = BLEReadExamplePeripheral;
			sourceTree = "<group>";
		};
		8AD4CA8A19E65B73005F9391 /* Supporting Files */ = {
			isa = PBXGroup;
			children = (
				8AD4CA8B19E65B73005F9391 /* Info.plist */,
				8AD4CA8C19E65B73005F9391 /* main.m */,
			);
			name = "Supporting Files";
			path = BLEReadExamplePeripheral;
			sourceTree = "<group>";
		};
/* End PBXGroup section */

/* Begin PBXNativeTarget section */
		8AD4CA8619E65B73005F9391 /* BLEReadExamplePeripheral */ = {
			isa = PBXNativeTarget;
			buildConfigurationList = 8AD4CAAA19E65B73005F9391 /* Build configuration list for PBXNativeTarget "BLEReadExamplePeripheral" */;
			buildPhases = (
				8AD4CA8319E65B73005F9391 /* Sources */,
				8AD4CA8419E65B73005F9391 /* Frameworks */,
				8AD4CA8519E65B73005F9391 /* Resources */,
			);
			buildRules = (
			);
			dependencies = (
			);
			name = BLEReadExamplePeripheral;
			productName = BLEReadExamplePeripheral;
			productReference = 8AD4CA8719E65B73005F9391 /* BLEReadExamplePeripheral.app */;
			productType = "com.apple.product-type.application";
		};
/* End PBXNativeTarget section */

/* Begin PBXProject section */
		8AD4CA7F19E65B73005F9391 /* Project object */ = {
			isa = PBXProject;
			attributes = {
				LastUpgradeCheck = 0700;
				ORGANIZATIONNAME = "Shuichi Tsutsumi";
				TargetAttributes = {
					8AD4CA8619E65B73005F9391 = {
						CreatedOnToolsVersion = 6.0.1;
					};
				};
			};
			buildConfigurationList = 8AD4CA8219E65B73005F9391 /* Build configuration list for PBXProject "BLEReadExamplePeripheral" */;
			compatibilityVersion = "Xcode 3.2";
			developmentRegion = English;
			hasScannedForEncodings = 0;
			knownRegions = (
				en,
				Base,
			);
			mainGroup = 8AD4CA7E19E65B73005F9391;
			productRefGroup = 8AD4CA8819E65B73005F9391 /* Products */;
			projectDirPath = "";
			projectRoot = "";
			targets = (
				8AD4CA8619E65B73005F9391 /* BLEReadExamplePeripheral */,
			);
		};
/* End PBXProject section */

/* Begin PBXResourcesBuildPhase section */
		8AD4CA8519E65B73005F9391 /* Resources */ = {
			isa = PBXResourcesBuildPhase;
			buildActionMask = 2147483647;
			files = (
				8A3E9AEC1A75068C00C2E0CC /* Images.xcassets in Resources */,
				8AD4CA9619E65B73005F9391 /* Main.storyboard in Resources */,
				8AD4CA9B19E65B73005F9391 /* LaunchScreen.xib in Resources */,
			);
			runOnlyForDeploymentPostprocessing = 0;
		};
/* End PBXResourcesBuildPhase section */

/* Begin PBXSourcesBuildPhase section */
		8AD4CA8319E65B73005F9391 /* Sources */ = {
			isa = PBXSourcesBuildPhase;
			buildActionMask = 2147483647;
			files = (
				8A3E9AEB1A75068C00C2E0CC /* BLECommonButton.m in Sources */,
				8AD4CA9319E65B73005F9391 /* ViewController.m in Sources */,
				8AD4CA9019E65B73005F9391 /* AppDelegate.m in Sources */,
				8AD4CA8D19E65B73005F9391 /* main.m in Sources */,
			);
			runOnlyForDeploymentPostprocessing = 0;
		};
/* End PBXSourcesBuildPhase section */

/* Begin PBXVariantGroup section */
		8AD4CA9419E65B73005F9391 /* Main.storyboard */ = {
			isa = PBXVariantGroup;
			children = (
				8AD4CA9519E65B73005F9391 /* Base */,
			);
			name = Main.storyboard;
			sourceTree = "<group>";
		};
		8AD4CA9919E65B73005F9391 /* LaunchScreen.xib */ = {
			isa = PBXVariantGroup;
			children = (
				8AD4CA9A19E65B73005F9391 /* Base */,
			);
			name = LaunchScreen.xib;
			sourceTree = "<group>";
		};
/* End PBXVariantGroup section */

/* Begin XCBuildConfiguration section */
		8AD4CAA819E65B73005F9391 /* Debug */ = {
			isa = XCBuildConfiguration;
			buildSettings = {
				ALWAYS_SEARCH_USER_PATHS = NO;
				CLANG_CXX_LANGUAGE_STANDARD = "gnu++0x";
				CLANG_CXX_LIBRARY = "libc++";
				CLANG_ENABLE_MODULES = YES;
				CLANG_ENABLE_OBJC_ARC = YES;
				CLANG_WARN_BOOL_CONVERSION = YES;
				CLANG_WARN_CONSTANT_CONVERSION = YES;
				CLANG_WARN_DIRECT_OBJC_ISA_USAGE = YES_ERROR;
				CLANG_WARN_EMPTY_BODY = YES;
				CLANG_WARN_ENUM_CONVERSION = YES;
				CLANG_WARN_INT_CONVERSION = YES;
				CLANG_WARN_OBJC_ROOT_CLASS = YES_ERROR;
				CLANG_WARN_UNREACHABLE_CODE = YES;
				CLANG_WARN__DUPLICATE_METHOD_MATCH = YES;
				"CODE_SIGN_IDENTITY[sdk=iphoneos*]" = "iPhone Developer";
				COPY_PHASE_STRIP = NO;
				ENABLE_STRICT_OBJC_MSGSEND = YES;
				ENABLE_TESTABILITY = YES;
				GCC_C_LANGUAGE_STANDARD = gnu99;
				GCC_DYNAMIC_NO_PIC = NO;
				GCC_OPTIMIZATION_LEVEL = 0;
				GCC_PREPROCESSOR_DEFINITIONS = (
					"DEBUG=1",
					"$(inherited)",
				);
				GCC_SYMBOLS_PRIVATE_EXTERN = NO;
				GCC_WARN_64_TO_32_BIT_CONVERSION = YES;
				GCC_WARN_ABOUT_RETURN_TYPE = YES_ERROR;
				GCC_WARN_UNDECLARED_SELECTOR = YES;
				GCC_WARN_UNINITIALIZED_AUTOS = YES_AGGRESSIVE;
				GCC_WARN_UNUSED_FUNCTION = YES;
				GCC_WARN_UNUSED_VARIABLE = YES;
				IPHONEOS_DEPLOYMENT_TARGET = 8.4;
				MTL_ENABLE_DEBUG_INFO = YES;
				ONLY_ACTIVE_ARCH = YES;
				SDKROOT = iphoneos;
			};
			name = Debug;
		};
		8AD4CAA919E65B73005F9391 /* Release */ = {
			isa = XCBuildConfiguration;
			buildSettings = {
				ALWAYS_SEARCH_USER_PATHS = NO;
				CLANG_CXX_LANGUAGE_STANDARD = "gnu++0x";
				CLANG_CXX_LIBRARY = "libc++";
				CLANG_ENABLE_MODULES = YES;
				CLANG_ENABLE_OBJC_ARC = YES;
				CLANG_WARN_BOOL_CONVERSION = YES;
				CLANG_WARN_CONSTANT_CONVERSION = YES;
				CLANG_WARN_DIRECT_OBJC_ISA_USAGE = YES_ERROR;
				CLANG_WARN_EMPTY_BODY = YES;
				CLANG_WARN_ENUM_CONVERSION = YES;
				CLANG_WARN_INT_CONVERSION = YES;
				CLANG_WARN_OBJC_ROOT_CLASS = YES_ERROR;
				CLANG_WARN_UNREACHABLE_CODE = YES;
				CLANG_WARN__DUPLICATE_METHOD_MATCH = YES;
				"CODE_SIGN_IDENTITY[sdk=iphoneos*]" = "iPhone Developer";
				COPY_PHASE_STRIP = YES;
				ENABLE_NS_ASSERTIONS = NO;
				ENABLE_STRICT_OBJC_MSGSEND = YES;
				GCC_C_LANGUAGE_STANDARD = gnu99;
				GCC_WARN_64_TO_32_BIT_CONVERSION = YES;
				GCC_WARN_ABOUT_RETURN_TYPE = YES_ERROR;
				GCC_WARN_UNDECLARED_SELECTOR = YES;
				GCC_WARN_UNINITIALIZED_AUTOS = YES_AGGRESSIVE;
				GCC_WARN_UNUSED_FUNCTION = YES;
				GCC_WARN_UNUSED_VARIABLE = YES;
				IPHONEOS_DEPLOYMENT_TARGET = 8.4;
				MTL_ENABLE_DEBUG_INFO = NO;
				SDKROOT = iphoneos;
				VALIDATE_PRODUCT = YES;
			};
			name = Release;
		};
		8AD4CAAB19E65B73005F9391 /* Debug */ = {
			isa = XCBuildConfiguration;
			buildSettings = {
				ASSETCATALOG_COMPILER_APPICON_NAME = AppIcon;
				ASSETCATALOG_COMPILER_LAUNCHIMAGE_NAME = LaunchImage;
				INFOPLIST_FILE = BLEReadExamplePeripheral/Info.plist;
				LD_RUNPATH_SEARCH_PATHS = "$(inherited) @executable_path/Frameworks";
				PRODUCT_BUNDLE_IDENTIFIER = "Shuichi-Tsutsumi.$(PRODUCT_NAME:rfc1034identifier)";
				PRODUCT_NAME = BLEReadExamplePeripheral;
			};
			name = Debug;
		};
		8AD4CAAC19E65B73005F9391 /* Release */ = {
			isa = XCBuildConfiguration;
			buildSettings = {
				ASSETCATALOG_COMPILER_APPICON_NAME = AppIcon;
				ASSETCATALOG_COMPILER_LAUNCHIMAGE_NAME = LaunchImage;
				INFOPLIST_FILE = BLEReadExamplePeripheral/Info.plist;
				LD_RUNPATH_SEARCH_PATHS = "$(inherited) @executable_path/Frameworks";
				PRODUCT_BUNDLE_IDENTIFIER = "Shuichi-Tsutsumi.$(PRODUCT_NAME:rfc1034identifier)";
				PRODUCT_NAME = BLEReadExamplePeripheral;
			};
			name = Release;
		};
/* End XCBuildConfiguration section */

/* Begin XCConfigurationList section */
		8AD4CA8219E65B73005F9391 /* Build configuration list for PBXProject "BLEReadExamplePeripheral" */ = {
			isa = XCConfigurationList;
			buildConfigurations = (
				8AD4CAA819E65B73005F9391 /* Debug */,
				8AD4CAA919E65B73005F9391 /* Release */,
			);
			defaultConfigurationIsVisible = 0;
			defaultConfigurationName = Release;
		};
		8AD4CAAA19E65B73005F9391 /* Build configuration list for PBXNativeTarget "BLEReadExamplePeripheral" */ = {
			isa = XCConfigurationList;
			buildConfigurations = (
				8AD4CAAB19E65B73005F9391 /* Debug */,
				8AD4CAAC19E65B73005F9391 /* Release */,
			);
			defaultConfigurationIsVisible = 0;
			defaultConfigurationName = Release;
		};
/* End XCConfigurationList section */
	};
	rootObject = 8AD4CA7F19E65B73005F9391 /* Project object */;
}
