// !$*UTF8*$!
{
	archiveVersion = 1;
	classes = {
	};
	objectVersion = 46;
	objects = {

/* Begin PBXBuildFile section */
		8A684AC11A74EBA600B9CFB7 /* BLECommonButton.m in Sources */ = {isa = PBXBuildFile; fileRef = 8A684ABF1A74EBA600B9CFB7 /* BLECommonButton.m */; };
		8A684AC21A74EBA600B9CFB7 /* Images.xcassets in Resources */ = {isa = PBXBuildFile; fileRef = 8A684AC01A74EBA600B9CFB7 /* Images.xcassets */; };
		8A8DCF881A3AB30C00B4A3C3 /* AppDelegate.swift in Sources */ = {isa = PBXBuildFile; fileRef = 8A8DCF871A3AB30C00B4A3C3 /* AppDelegate.swift */; };
		8A8DCF8A1A3AB30C00B4A3C3 /* ViewController.swift in Sources */ = {isa = PBXBuildFile; fileRef = 8A8DCF891A3AB30C00B4A3C3 /* ViewController.swift */; };
		8A8DCF8D1A3AB30C00B4A3C3 /* Main.storyboard in Resources */ = {isa = PBXBuildFile; fileRef = 8A8DCF8B1A3AB30C00B4A3C3 /* Main.storyboard */; };
		8A8DCF921A3AB30C00B4A3C3 /* LaunchScreen.xib in Resources */ = {isa = PBXBuildFile; fileRef = 8A8DCF901A3AB30C00B4A3C3 /* LaunchScreen.xib */; };
/* End PBXBuildFile section */

/* Begin PBXFileReference section */
		8A684ABD1A74EBA600B9CFB7 /* BLEAppearance.h */ = {isa = PBXFileReference; fileEncoding = 4; lastKnownFileType = sourcecode.c.h; path = BLEAppearance.h; sourceTree = "<group>"; };
		8A684ABE1A74EBA600B9CFB7 /* BLECommonButton.h */ = {isa = PBXFileReference; fileEncoding = 4; lastKnownFileType = sourcecode.c.h; path = BLECommonButton.h; sourceTree = "<group>"; };
		8A684ABF1A74EBA600B9CFB7 /* BLECommonButton.m */ = {isa = PBXFileReference; fileEncoding = 4; lastKnownFileType = sourcecode.c.objc; path = BLECommonButton.m; sourceTree = "<group>"; };
		8A684AC01A74EBA600B9CFB7 /* Images.xcassets */ = {isa = PBXFileReference; lastKnownFileType = folder.assetcatalog; path = Images.xcassets; sourceTree = "<group>"; };
		8A8DCF821A3AB30C00B4A3C3 /* BLEWriteExample.app */ = {isa = PBXFileReference; explicitFileType = wrapper.application; includeInIndex = 0; path = BLEWriteExample.app; sourceTree = BUILT_PRODUCTS_DIR; };
		8A8DCF861A3AB30C00B4A3C3 /* Info.plist */ = {isa = PBXFileReference; lastKnownFileType = text.plist.xml; path = Info.plist; sourceTree = "<group>"; };
		8A8DCF871A3AB30C00B4A3C3 /* AppDelegate.swift */ = {isa = PBXFileReference; lastKnownFileType = sourcecode.swift; path = AppDelegate.swift; sourceTree = "<group>"; };
		8A8DCF891A3AB30C00B4A3C3 /* ViewController.swift */ = {isa = PBXFileReference; lastKnownFileType = sourcecode.swift; path = ViewController.swift; sourceTree = "<group>"; };
		8A8DCF8C1A3AB30C00B4A3C3 /* Base */ = {isa = PBXFileReference; lastKnownFileType = file.storyboard; name = Base; path = Base.lproj/Main.storyboard; sourceTree = "<group>"; };
		8A8DCF911A3AB30C00B4A3C3 /* Base */ = {isa = PBXFileReference; lastKnownFileType = file.xib; name = Base; path = Base.lproj/LaunchScreen.xib; sourceTree = "<group>"; };
/* End PBXFileReference section */

/* Begin PBXFrameworksBuildPhase section */
		8A8DCF7F1A3AB30C00B4A3C3 /* Frameworks */ = {
			isa = PBXFrameworksBuildPhase;
			buildActionMask = 2147483647;
			files = (
			);
			runOnlyForDeploymentPostprocessing = 0;
		};
/* End PBXFrameworksBuildPhase section */

/* Begin PBXGroup section */
		8A684ABC1A74EBA600B9CFB7 /* Common */ = {
			isa = PBXGroup;
			children = (
				8A684ABD1A74EBA600B9CFB7 /* BLEAppearance.h */,
				8A684ABE1A74EBA600B9CFB7 /* BLECommonButton.h */,
				8A684ABF1A74EBA600B9CFB7 /* BLECommonButton.m */,
				8A684AC01A74EBA600B9CFB7 /* Images.xcassets */,
			);
			name = Common;
			path = ../../Common;
			sourceTree = "<group>";
		};
		8A8DCF791A3AB30C00B4A3C3 = {
			isa = PBXGroup;
			children = (
				8A684ABC1A74EBA600B9CFB7 /* Common */,
				8A8DCF841A3AB30C00B4A3C3 /* BLEWriteExample */,
				8A8DCF851A3AB30C00B4A3C3 /* Supporting Files */,
				8A8DCF831A3AB30C00B4A3C3 /* Products */,
			);
			sourceTree = "<group>";
		};
		8A8DCF831A3AB30C00B4A3C3 /* Products */ = {
			isa = PBXGroup;
			children = (
				8A8DCF821A3AB30C00B4A3C3 /* BLEWriteExample.app */,
			);
			name = Products;
			sourceTree = "<group>";
		};
		8A8DCF841A3AB30C00B4A3C3 /* BLEWriteExample */ = {
			isa = PBXGroup;
			children = (
				8A8DCF8B1A3AB30C00B4A3C3 /* Main.storyboard */,
				8A8DCF901A3AB30C00B4A3C3 /* LaunchScreen.xib */,
				8A8DCF871A3AB30C00B4A3C3 /* AppDelegate.swift */,
				8A8DCF891A3AB30C00B4A3C3 /* ViewController.swift */,
			);
			path = BLEWriteExample;
			sourceTree = "<group>";
		};
		8A8DCF851A3AB30C00B4A3C3 /* Supporting Files */ = {
			isa = PBXGroup;
			children = (
				8A8DCF861A3AB30C00B4A3C3 /* Info.plist */,
			);
			name = "Supporting Files";
			path = BLEWriteExample;
			sourceTree = "<group>";
		};
/* End PBXGroup section */

/* Begin PBXNativeTarget section */
		8A8DCF811A3AB30C00B4A3C3 /* BLEWriteExample */ = {
			isa = PBXNativeTarget;
			buildConfigurationList = 8A8DCFA11A3AB30C00B4A3C3 /* Build configuration list for PBXNativeTarget "BLEWriteExample" */;
			buildPhases = (
				8A8DCF7E1A3AB30C00B4A3C3 /* Sources */,
				8A8DCF7F1A3AB30C00B4A3C3 /* Frameworks */,
				8A8DCF801A3AB30C00B4A3C3 /* Resources */,
			);
			buildRules = (
			);
			dependencies = (
			);
			name = BLEWriteExample;
			productName = BLEWriteExample;
			productReference = 8A8DCF821A3AB30C00B4A3C3 /* BLEWriteExample.app */;
			productType = "com.apple.product-type.application";
		};
/* End PBXNativeTarget section */

/* Begin PBXProject section */
		8A8DCF7A1A3AB30C00B4A3C3 /* Project object */ = {
			isa = PBXProject;
			attributes = {
				LastSwiftMigration = 0700;
				LastSwiftUpdateCheck = 0700;
				LastUpgradeCheck = 0700;
				ORGANIZATIONNAME = "Shuichi Tsutsumi";
				TargetAttributes = {
					8A8DCF811A3AB30C00B4A3C3 = {
						CreatedOnToolsVersion = 6.1.1;
					};
				};
			};
			buildConfigurationList = 8A8DCF7D1A3AB30C00B4A3C3 /* Build configuration list for PBXProject "BLEWriteExample" */;
			compatibilityVersion = "Xcode 3.2";
			developmentRegion = English;
			hasScannedForEncodings = 0;
			knownRegions = (
				en,
				Base,
			);
			mainGroup = 8A8DCF791A3AB30C00B4A3C3;
			productRefGroup = 8A8DCF831A3AB30C00B4A3C3 /* Products */;
			projectDirPath = "";
			projectRoot = "";
			targets = (
				8A8DCF811A3AB30C00B4A3C3 /* BLEWriteExample */,
			);
		};
/* End PBXProject section */

/* Begin PBXResourcesBuildPhase section */
		8A8DCF801A3AB30C00B4A3C3 /* Resources */ = {
			isa = PBXResourcesBuildPhase;
			buildActionMask = 2147483647;
			files = (
				8A684AC21A74EBA600B9CFB7 /* Images.xcassets in Resources */,
				8A8DCF8D1A3AB30C00B4A3C3 /* Main.storyboard in Resources */,
				8A8DCF921A3AB30C00B4A3C3 /* LaunchScreen.xib in Resources */,
			);
			runOnlyForDeploymentPostprocessing = 0;
		};
/* End PBXResourcesBuildPhase section */

/* Begin PBXSourcesBuildPhase section */
		8A8DCF7E1A3AB30C00B4A3C3 /* Sources */ = {
			isa = PBXSourcesBuildPhase;
			buildActionMask = 2147483647;
			files = (
				8A684AC11A74EBA600B9CFB7 /* BLECommonButton.m in Sources */,
				8A8DCF8A1A3AB30C00B4A3C3 /* ViewController.swift in Sources */,
				8A8DCF881A3AB30C00B4A3C3 /* AppDelegate.swift in Sources */,
			);
			runOnlyForDeploymentPostprocessing = 0;
		};
/* End PBXSourcesBuildPhase section */

/* Begin PBXVariantGroup section */
		8A8DCF8B1A3AB30C00B4A3C3 /* Main.storyboard */ = {
			isa = PBXVariantGroup;
			children = (
				8A8DCF8C1A3AB30C00B4A3C3 /* Base */,
			);
			name = Main.storyboard;
			sourceTree = "<group>";
		};
		8A8DCF901A3AB30C00B4A3C3 /* LaunchScreen.xib */ = {
			isa = PBXVariantGroup;
			children = (
				8A8DCF911A3AB30C00B4A3C3 /* Base */,
			);
			name = LaunchScreen.xib;
			sourceTree = "<group>";
		};
/* End PBXVariantGroup section */

/* Begin XCBuildConfiguration section */
		8A8DCF9F1A3AB30C00B4A3C3 /* Debug */ = {
			isa = XCBuildConfiguration;
			buildSettings = {
				ALWAYS_SEARCH_USER_PATHS = NO;
				CLANG_CXX_LANGUAGE_STANDARD = "gnu++0x";
				CLANG_CXX_LIBRARY = "libc++";
				CLANG_ENABLE_MODULES = YES;
				CLANG_ENABLE_OBJC_ARC = YES;
				CLANG_WARN_BOOL_CONVERSION = YES;
				CLANG_WARN_CONSTANT_CONVERSION = YES;
				CLANG_WARN_DIRECT_OBJC_ISA_USAGE = YES_ERROR;
				CLANG_WARN_EMPTY_BODY = YES;
				CLANG_WARN_ENUM_CONVERSION = YES;
				CLANG_WARN_INT_CONVERSION = YES;
				CLANG_WARN_OBJC_ROOT_CLASS = YES_ERROR;
				CLANG_WARN_UNREACHABLE_CODE = YES;
				CLANG_WARN__DUPLICATE_METHOD_MATCH = YES;
				"CODE_SIGN_IDENTITY[sdk=iphoneos*]" = "iPhone Developer";
				COPY_PHASE_STRIP = NO;
				ENABLE_STRICT_OBJC_MSGSEND = YES;
				ENABLE_TESTABILITY = YES;
				GCC_C_LANGUAGE_STANDARD = gnu99;
				GCC_DYNAMIC_NO_PIC = NO;
				GCC_OPTIMIZATION_LEVEL = 0;
				GCC_PREPROCESSOR_DEFINITIONS = (
					"DEBUG=1",
					"$(inherited)",
				);
				GCC_SYMBOLS_PRIVATE_EXTERN = NO;
				GCC_WARN_64_TO_32_BIT_CONVERSION = YES;
				GCC_WARN_ABOUT_RETURN_TYPE = YES_ERROR;
				GCC_WARN_UNDECLARED_SELECTOR = YES;
				GCC_WARN_UNINITIALIZED_AUTOS = YES_AGGRESSIVE;
				GCC_WARN_UNUSED_FUNCTION = YES;
				GCC_WARN_UNUSED_VARIABLE = YES;
				IPHONEOS_DEPLOYMENT_TARGET = 8.4;
				MTL_ENABLE_DEBUG_INFO = YES;
				ONLY_ACTIVE_ARCH = YES;
				SDKROOT = iphoneos;
				SWIFT_OPTIMIZATION_LEVEL = "-Onone";
			};
			name = Debug;
		};
		8A8DCFA01A3AB30C00B4A3C3 /* Release */ = {
			isa = XCBuildConfiguration;
			buildSettings = {
				ALWAYS_SEARCH_USER_PATHS = NO;
				CLANG_CXX_LANGUAGE_STANDARD = "gnu++0x";
				CLANG_CXX_LIBRARY = "libc++";
				CLANG_ENABLE_MODULES = YES;
				CLANG_ENABLE_OBJC_ARC = YES;
				CLANG_WARN_BOOL_CONVERSION = YES;
				CLANG_WARN_CONSTANT_CONVERSION = YES;
				CLANG_WARN_DIRECT_OBJC_ISA_USAGE = YES_ERROR;
				CLANG_WARN_EMPTY_BODY = YES;
				CLANG_WARN_ENUM_CONVERSION = YES;
				CLANG_WARN_INT_CONVERSION = YES;
				CLANG_WARN_OBJC_ROOT_CLASS = YES_ERROR;
				CLANG_WARN_UNREACHABLE_CODE = YES;
				CLANG_WARN__DUPLICATE_METHOD_MATCH = YES;
				"CODE_SIGN_IDENTITY[sdk=iphoneos*]" = "iPhone Developer";
				COPY_PHASE_STRIP = YES;
				ENABLE_NS_ASSERTIONS = NO;
				ENABLE_STRICT_OBJC_MSGSEND = YES;
				GCC_C_LANGUAGE_STANDARD = gnu99;
				GCC_WARN_64_TO_32_BIT_CONVERSION = YES;
				GCC_WARN_ABOUT_RETURN_TYPE = YES_ERROR;
				GCC_WARN_UNDECLARED_SELECTOR = YES;
				GCC_WARN_UNINITIALIZED_AUTOS = YES_AGGRESSIVE;
				GCC_WARN_UNUSED_FUNCTION = YES;
				GCC_WARN_UNUSED_VARIABLE = YES;
				IPHONEOS_DEPLOYMENT_TARGET = 8.4;
				MTL_ENABLE_DEBUG_INFO = NO;
				SDKROOT = iphoneos;
				VALIDATE_PRODUCT = YES;
			};
			name = Release;
		};
		8A8DCFA21A3AB30C00B4A3C3 /* Debug */ = {
			isa = XCBuildConfiguration;
			buildSettings = {
				ASSETCATALOG_COMPILER_APPICON_NAME = AppIcon;
				ASSETCATALOG_COMPILER_LAUNCHIMAGE_NAME = LaunchImage;
				INFOPLIST_FILE = BLEWriteExample/Info.plist;
				LD_RUNPATH_SEARCH_PATHS = "$(inherited) @executable_path/Frameworks";
				PRODUCT_BUNDLE_IDENTIFIER = "Shuichi-Tsutsumi.$(PRODUCT_NAME:rfc1034identifier)";
				PRODUCT_NAME = BLEWriteExample;
			};
			name = Debug;
		};
		8A8DCFA31A3AB30C00B4A3C3 /* Release */ = {
			isa = XCBuildConfiguration;
			buildSettings = {
				ASSETCATALOG_COMPILER_APPICON_NAME = AppIcon;
				ASSETCATALOG_COMPILER_LAUNCHIMAGE_NAME = LaunchImage;
				INFOPLIST_FILE = BLEWriteExample/Info.plist;
				LD_RUNPATH_SEARCH_PATHS = "$(inherited) @executable_path/Frameworks";
				PRODUCT_BUNDLE_IDENTIFIER = "Shuichi-Tsutsumi.$(PRODUCT_NAME:rfc1034identifier)";
				PRODUCT_NAME = BLEWriteExample;
			};
			name = Release;
		};
/* End XCBuildConfiguration section */

/* Begin XCConfigurationList section */
		8A8DCF7D1A3AB30C00B4A3C3 /* Build configuration list for PBXProject "BLEWriteExample" */ = {
			isa = XCConfigurationList;
			buildConfigurations = (
				8A8DCF9F1A3AB30C00B4A3C3 /* Debug */,
				8A8DCFA01A3AB30C00B4A3C3 /* Release */,
			);
			defaultConfigurationIsVisible = 0;
			defaultConfigurationName = Release;
		};
		8A8DCFA11A3AB30C00B4A3C3 /* Build configuration list for PBXNativeTarget "BLEWriteExample" */ = {
			isa = XCConfigurationList;
			buildConfigurations = (
				8A8DCFA21A3AB30C00B4A3C3 /* Debug */,
				8A8DCFA31A3AB30C00B4A3C3 /* Release */,
			);
			defaultConfigurationIsVisible = 0;
			defaultConfigurationName = Release;
		};
/* End XCConfigurationList section */
	};
	rootObject = 8A8DCF7A1A3AB30C00B4A3C3 /* Project object */;
}
